
Microsoft Visual Studio Solution File, Format Version 12.00
# Visual Studio Version 17
VisualStudioVersion = 17.4.33213.308
MinimumVisualStudioVersion = 10.0.40219.1
Project("{FAE04EC0-301F-11D3-BF4B-00C04F79EFBC}") = "DnoNotes", "DnoNotes\DnoNotes.csproj", "{E3C7E038-E6A8-42C6-B059-AAB3EFA73A6E}"
EndProject
Global
	GlobalSection(SolutionConfigurationPlatforms) = preSolution
		Debug|Any CPU = Debug|Any CPU
		Release|Any CPU = Release|Any CPU
	EndGlobalSection
	GlobalSection(ProjectConfigurationPlatforms) = postSolution
		{E3C7E038-E6A8-42C6-B059-AAB3EFA73A6E}.Debug|Any CPU.ActiveCfg = Debug|Any CPU
		{E3C7E038-E6A8-42C6-B059-AAB3EFA73A6E}.Debug|Any CPU.Build.0 = Debug|Any CPU
		{E3C7E038-E6A8-42C6-B059-AAB3EFA73A6E}.Release|Any CPU.ActiveCfg = Release|Any CPU
		{E3C7E038-E6A8-42C6-B059-AAB3EFA73A6E}.Release|Any CPU.Build.0 = Release|Any CPU
	EndGlobalSection
	GlobalSection(SolutionProperties) = preSolution
		HideSolutionNode = FALSE
	EndGlobalSection
	GlobalSection(ExtensibilityGlobals) = postSolution
		SolutionGuid = {B77531CE-81B0-468B-8E04-5F1611E6E0DB}
	EndGlobalSection
EndGlobal
